
Microsoft Visual Studio Solution File, Format Version 12.00
# Visual Studio Version 17
VisualStudioVersion = 17.0.31903.59
MinimumVisualStudioVersion = 10.0.40219.1
Project("{FAE04EC0-301F-11D3-BF4B-00C04F79EFBC}") = "CashSmart.API", "CashSmart.API\CashSmart.API.csproj", "{032A2D89-F770-4CE3-BD97-AA0647EDFC23}"
EndProject
Project("{FAE04EC0-301F-11D3-BF4B-00C04F79EFBC}") = "CashSmart.Application", "CashSmart.Application\CashSmart.Application.csproj", "{1261C36A-138D-4E1B-A885-84F182A07513}"
EndProject
Project("{FAE04EC0-301F-11D3-BF4B-00C04F79EFBC}") = "CashSmart.Core", "CashSmart.Core\CashSmart.Core.csproj", "{7F0BEAFE-6A83-4E5B-AF20-0ADB422A6F85}"
EndProject
Global
	GlobalSection(SolutionConfigurationPlatforms) = preSolution
		Debug|Any CPU = Debug|Any CPU
		Release|Any CPU = Release|Any CPU
	EndGlobalSection
	GlobalSection(SolutionProperties) = preSolution
		HideSolutionNode = FALSE
	EndGlobalSection
	GlobalSection(ProjectConfigurationPlatforms) = postSolution
		{032A2D89-F770-4CE3-BD97-AA0647EDFC23}.Debug|Any CPU.ActiveCfg = Debug|Any CPU
		{032A2D89-F770-4CE3-BD97-AA0647EDFC23}.Debug|Any CPU.Build.0 = Debug|Any CPU
		{032A2D89-F770-4CE3-BD97-AA0647EDFC23}.Release|Any CPU.ActiveCfg = Release|Any CPU
		{032A2D89-F770-4CE3-BD97-AA0647EDFC23}.Release|Any CPU.Build.0 = Release|Any CPU
		{1261C36A-138D-4E1B-A885-84F182A07513}.Debug|Any CPU.ActiveCfg = Debug|Any CPU
		{1261C36A-138D-4E1B-A885-84F182A07513}.Debug|Any CPU.Build.0 = Debug|Any CPU
		{1261C36A-138D-4E1B-A885-84F182A07513}.Release|Any CPU.ActiveCfg = Release|Any CPU
		{1261C36A-138D-4E1B-A885-84F182A07513}.Release|Any CPU.Build.0 = Release|Any CPU
		{7F0BEAFE-6A83-4E5B-AF20-0ADB422A6F85}.Debug|Any CPU.ActiveCfg = Debug|Any CPU
		{7F0BEAFE-6A83-4E5B-AF20-0ADB422A6F85}.Debug|Any CPU.Build.0 = Debug|Any CPU
		{7F0BEAFE-6A83-4E5B-AF20-0ADB422A6F85}.Release|Any CPU.ActiveCfg = Release|Any CPU
		{7F0BEAFE-6A83-4E5B-AF20-0ADB422A6F85}.Release|Any CPU.Build.0 = Release|Any CPU
	EndGlobalSection
EndGlobal
